
Microsoft Visual Studio Solution File, Format Version 12.00
# Visual Studio 15
VisualStudioVersion = 15.0.28307.438
MinimumVisualStudioVersion = 10.0.40219.1
Project("{FAE04EC0-301F-11D3-BF4B-00C04F79EFBC}") = "mLetsTatoo.Android", "mLetsTatoo\mLetsTatoo.Android\mLetsTatoo.Android.csproj", "{521A2640-8942-4075-99D7-E81682B17D56}"
EndProject
Project("{FAE04EC0-301F-11D3-BF4B-00C04F79EFBC}") = "mLetsTatoo.iOS", "mLetsTatoo\mLetsTatoo.iOS\mLetsTatoo.iOS.csproj", "{5D7623CC-39B9-4279-958B-C23C4DF91AD4}"
EndProject
Project("{FAE04EC0-301F-11D3-BF4B-00C04F79EFBC}") = "mLetsTatoo", "mLetsTatoo\mLetsTatoo\mLetsTatoo.csproj", "{282F6C27-85BE-49FB-AB3A-DD5E932B6F80}"
EndProject
Project("{FAE04EC0-301F-11D3-BF4B-00C04F79EFBC}") = "mLetsTatoo.Common", "mLetsTatoo.Common\mLetsTatoo.Common.csproj", "{0A0C430B-0174-4A1D-9FB4-1A6FF1A8483C}"
EndProject
Project("{FAE04EC0-301F-11D3-BF4B-00C04F79EFBC}") = "mLetsTatoo.API", "mLetsTatoo.API\mLetsTatoo.API.csproj", "{592DFE41-F2F6-487C-B21A-4F9F4282EEFF}"
EndProject
Project("{FAE04EC0-301F-11D3-BF4B-00C04F79EFBC}") = "mLetsTatoo.Domain", "mLetsTatoo.Domain\mLetsTatoo.Domain.csproj", "{52BC409F-CF91-4D20-9A23-9FFE62F65146}"
EndProject
Global
	GlobalSection(SolutionConfigurationPlatforms) = preSolution
		Ad-Hoc|Any CPU = Ad-Hoc|Any CPU
		Ad-Hoc|iPhone = Ad-Hoc|iPhone
		Ad-Hoc|iPhoneSimulator = Ad-Hoc|iPhoneSimulator
		AppStore|Any CPU = AppStore|Any CPU
		AppStore|iPhone = AppStore|iPhone
		AppStore|iPhoneSimulator = AppStore|iPhoneSimulator
		Debug|Any CPU = Debug|Any CPU
		Debug|iPhone = Debug|iPhone
		Debug|iPhoneSimulator = Debug|iPhoneSimulator
		Release|Any CPU = Release|Any CPU
		Release|iPhone = Release|iPhone
		Release|iPhoneSimulator = Release|iPhoneSimulator
	EndGlobalSection
	GlobalSection(ProjectConfigurationPlatforms) = postSolution
		{521A2640-8942-4075-99D7-E81682B17D56}.Ad-Hoc|Any CPU.ActiveCfg = Release|Any CPU
		{521A2640-8942-4075-99D7-E81682B17D56}.Ad-Hoc|Any CPU.Build.0 = Release|Any CPU
		{521A2640-8942-4075-99D7-E81682B17D56}.Ad-Hoc|Any CPU.Deploy.0 = Release|Any CPU
		{521A2640-8942-4075-99D7-E81682B17D56}.Ad-Hoc|iPhone.ActiveCfg = Release|Any CPU
		{521A2640-8942-4075-99D7-E81682B17D56}.Ad-Hoc|iPhone.Build.0 = Release|Any CPU
		{521A2640-8942-4075-99D7-E81682B17D56}.Ad-Hoc|iPhone.Deploy.0 = Release|Any CPU
		{521A2640-8942-4075-99D7-E81682B17D56}.Ad-Hoc|iPhoneSimulator.ActiveCfg = Release|Any CPU
		{521A2640-8942-4075-99D7-E81682B17D56}.Ad-Hoc|iPhoneSimulator.Build.0 = Release|Any CPU
		{521A2640-8942-4075-99D7-E81682B17D56}.Ad-Hoc|iPhoneSimulator.Deploy.0 = Release|Any CPU
		{521A2640-8942-4075-99D7-E81682B17D56}.AppStore|Any CPU.ActiveCfg = Release|Any CPU
		{521A2640-8942-4075-99D7-E81682B17D56}.AppStore|Any CPU.Build.0 = Release|Any CPU
		{521A2640-8942-4075-99D7-E81682B17D56}.AppStore|Any CPU.Deploy.0 = Release|Any CPU
		{521A2640-8942-4075-99D7-E81682B17D56}.AppStore|iPhone.ActiveCfg = Release|Any CPU
		{521A2640-8942-4075-99D7-E81682B17D56}.AppStore|iPhone.Build.0 = Release|Any CPU
		{521A2640-8942-4075-99D7-E81682B17D56}.AppStore|iPhone.Deploy.0 = Release|Any CPU
		{521A2640-8942-4075-99D7-E81682B17D56}.AppStore|iPhoneSimulator.ActiveCfg = Release|Any CPU
		{521A2640-8942-4075-99D7-E81682B17D56}.AppStore|iPhoneSimulator.Build.0 = Release|Any CPU
		{521A2640-8942-4075-99D7-E81682B17D56}.AppStore|iPhoneSimulator.Deploy.0 = Release|Any CPU
		{521A2640-8942-4075-99D7-E81682B17D56}.Debug|Any CPU.ActiveCfg = Debug|Any CPU
		{521A2640-8942-4075-99D7-E81682B17D56}.Debug|Any CPU.Build.0 = Debug|Any CPU
		{521A2640-8942-4075-99D7-E81682B17D56}.Debug|Any CPU.Deploy.0 = Debug|Any CPU
		{521A2640-8942-4075-99D7-E81682B17D56}.Debug|iPhone.ActiveCfg = Debug|Any CPU
		{521A2640-8942-4075-99D7-E81682B17D56}.Debug|iPhone.Build.0 = Debug|Any CPU
		{521A2640-8942-4075-99D7-E81682B17D56}.Debug|iPhone.Deploy.0 = Debug|Any CPU
		{521A2640-8942-4075-99D7-E81682B17D56}.Debug|iPhoneSimulator.ActiveCfg = Debug|Any CPU
		{521A2640-8942-4075-99D7-E81682B17D56}.Debug|iPhoneSimulator.Build.0 = Debug|Any CPU
		{521A2640-8942-4075-99D7-E81682B17D56}.Debug|iPhoneSimulator.Deploy.0 = Debug|Any CPU
		{521A2640-8942-4075-99D7-E81682B17D56}.Release|Any CPU.ActiveCfg = Release|Any CPU
		{521A2640-8942-4075-99D7-E81682B17D56}.Release|Any CPU.Build.0 = Release|Any CPU
		{521A2640-8942-4075-99D7-E81682B17D56}.Release|Any CPU.Deploy.0 = Release|Any CPU
		{521A2640-8942-4075-99D7-E81682B17D56}.Release|iPhone.ActiveCfg = Release|Any CPU
		{521A2640-8942-4075-99D7-E81682B17D56}.Release|iPhone.Build.0 = Release|Any CPU
		{521A2640-8942-4075-99D7-E81682B17D56}.Release|iPhone.Deploy.0 = Release|Any CPU
		{521A2640-8942-4075-99D7-E81682B17D56}.Release|iPhoneSimulator.ActiveCfg = Release|Any CPU
		{521A2640-8942-4075-99D7-E81682B17D56}.Release|iPhoneSimulator.Build.0 = Release|Any CPU
		{521A2640-8942-4075-99D7-E81682B17D56}.Release|iPhoneSimulator.Deploy.0 = Release|Any CPU
		{5D7623CC-39B9-4279-958B-C23C4DF91AD4}.Ad-Hoc|Any CPU.ActiveCfg = Ad-Hoc|iPhone
		{5D7623CC-39B9-4279-958B-C23C4DF91AD4}.Ad-Hoc|Any CPU.Build.0 = Ad-Hoc|iPhone
		{5D7623CC-39B9-4279-958B-C23C4DF91AD4}.Ad-Hoc|Any CPU.Deploy.0 = Ad-Hoc|iPhone
		{5D7623CC-39B9-4279-958B-C23C4DF91AD4}.Ad-Hoc|iPhone.ActiveCfg = Ad-Hoc|iPhone
		{5D7623CC-39B9-4279-958B-C23C4DF91AD4}.Ad-Hoc|iPhone.Build.0 = Ad-Hoc|iPhone
		{5D7623CC-39B9-4279-958B-C23C4DF91AD4}.Ad-Hoc|iPhone.Deploy.0 = Ad-Hoc|iPhone
		{5D7623CC-39B9-4279-958B-C23C4DF91AD4}.Ad-Hoc|iPhoneSimulator.ActiveCfg = Ad-Hoc|iPhoneSimulator
		{5D7623CC-39B9-4279-958B-C23C4DF91AD4}.Ad-Hoc|iPhoneSimulator.Build.0 = Ad-Hoc|iPhoneSimulator
		{5D7623CC-39B9-4279-958B-C23C4DF91AD4}.Ad-Hoc|iPhoneSimulator.Deploy.0 = Ad-Hoc|iPhoneSimulator
		{5D7623CC-39B9-4279-958B-C23C4DF91AD4}.AppStore|Any CPU.ActiveCfg = AppStore|iPhone
		{5D7623CC-39B9-4279-958B-C23C4DF91AD4}.AppStore|Any CPU.Build.0 = AppStore|iPhone
		{5D7623CC-39B9-4279-958B-C23C4DF91AD4}.AppStore|Any CPU.Deploy.0 = AppStore|iPhone
		{5D7623CC-39B9-4279-958B-C23C4DF91AD4}.AppStore|iPhone.ActiveCfg = AppStore|iPhone
		{5D7623CC-39B9-4279-958B-C23C4DF91AD4}.AppStore|iPhone.Build.0 = AppStore|iPhone
		{5D7623CC-39B9-4279-958B-C23C4DF91AD4}.AppStore|iPhone.Deploy.0 = AppStore|iPhone
		{5D7623CC-39B9-4279-958B-C23C4DF91AD4}.AppStore|iPhoneSimulator.ActiveCfg = AppStore|iPhoneSimulator
		{5D7623CC-39B9-4279-958B-C23C4DF91AD4}.AppStore|iPhoneSimulator.Build.0 = AppStore|iPhoneSimulator
		{5D7623CC-39B9-4279-958B-C23C4DF91AD4}.AppStore|iPhoneSimulator.Deploy.0 = AppStore|iPhoneSimulator
		{5D7623CC-39B9-4279-958B-C23C4DF91AD4}.Debug|Any CPU.ActiveCfg = Debug|iPhoneSimulator
		{5D7623CC-39B9-4279-958B-C23C4DF91AD4}.Debug|Any CPU.Build.0 = Debug|iPhoneSimulator
		{5D7623CC-39B9-4279-958B-C23C4DF91AD4}.Debug|Any CPU.Deploy.0 = Debug|iPhoneSimulator
		{5D7623CC-39B9-4279-958B-C23C4DF91AD4}.Debug|iPhone.ActiveCfg = Debug|iPhone
		{5D7623CC-39B9-4279-958B-C23C4DF91AD4}.Debug|iPhone.Build.0 = Debug|iPhone
		{5D7623CC-39B9-4279-958B-C23C4DF91AD4}.Debug|iPhone.Deploy.0 = Debug|iPhone
		{5D7623CC-39B9-4279-958B-C23C4DF91AD4}.Debug|iPhoneSimulator.ActiveCfg = Debug|iPhoneSimulator
		{5D7623CC-39B9-4279-958B-C23C4DF91AD4}.Debug|iPhoneSimulator.Build.0 = Debug|iPhoneSimulator
		{5D7623CC-39B9-4279-958B-C23C4DF91AD4}.Debug|iPhoneSimulator.Deploy.0 = Debug|iPhoneSimulator
		{5D7623CC-39B9-4279-958B-C23C4DF91AD4}.Release|Any CPU.ActiveCfg = Release|iPhone
		{5D7623CC-39B9-4279-958B-C23C4DF91AD4}.Release|Any CPU.Build.0 = Release|iPhone
		{5D7623CC-39B9-4279-958B-C23C4DF91AD4}.Release|Any CPU.Deploy.0 = Release|iPhone
		{5D7623CC-39B9-4279-958B-C23C4DF91AD4}.Release|iPhone.ActiveCfg = Release|iPhone
		{5D7623CC-39B9-4279-958B-C23C4DF91AD4}.Release|iPhone.Build.0 = Release|iPhone
		{5D7623CC-39B9-4279-958B-C23C4DF91AD4}.Release|iPhone.Deploy.0 = Release|iPhone
		{5D7623CC-39B9-4279-958B-C23C4DF91AD4}.Release|iPhoneSimulator.ActiveCfg = Release|iPhoneSimulator
		{5D7623CC-39B9-4279-958B-C23C4DF91AD4}.Release|iPhoneSimulator.Build.0 = Release|iPhoneSimulator
		{5D7623CC-39B9-4279-958B-C23C4DF91AD4}.Release|iPhoneSimulator.Deploy.0 = Release|iPhoneSimulator
		{282F6C27-85BE-49FB-AB3A-DD5E932B6F80}.Ad-Hoc|Any CPU.ActiveCfg = Debug|Any CPU
		{282F6C27-85BE-49FB-AB3A-DD5E932B6F80}.Ad-Hoc|Any CPU.Build.0 = Debug|Any CPU
		{282F6C27-85BE-49FB-AB3A-DD5E932B6F80}.Ad-Hoc|Any CPU.Deploy.0 = Debug|Any CPU
		{282F6C27-85BE-49FB-AB3A-DD5E932B6F80}.Ad-Hoc|iPhone.ActiveCfg = Debug|Any CPU
		{282F6C27-85BE-49FB-AB3A-DD5E932B6F80}.Ad-Hoc|iPhone.Build.0 = Debug|Any CPU
		{282F6C27-85BE-49FB-AB3A-DD5E932B6F80}.Ad-Hoc|iPhone.Deploy.0 = Debug|Any CPU
		{282F6C27-85BE-49FB-AB3A-DD5E932B6F80}.Ad-Hoc|iPhoneSimulator.ActiveCfg = Debug|Any CPU
		{282F6C27-85BE-49FB-AB3A-DD5E932B6F80}.Ad-Hoc|iPhoneSimulator.Build.0 = Debug|Any CPU
		{282F6C27-85BE-49FB-AB3A-DD5E932B6F80}.Ad-Hoc|iPhoneSimulator.Deploy.0 = Debug|Any CPU
		{282F6C27-85BE-49FB-AB3A-DD5E932B6F80}.AppStore|Any CPU.ActiveCfg = Debug|Any CPU
		{282F6C27-85BE-49FB-AB3A-DD5E932B6F80}.AppStore|Any CPU.Build.0 = Debug|Any CPU
		{282F6C27-85BE-49FB-AB3A-DD5E932B6F80}.AppStore|Any CPU.Deploy.0 = Debug|Any CPU
		{282F6C27-85BE-49FB-AB3A-DD5E932B6F80}.AppStore|iPhone.ActiveCfg = Debug|Any CPU
		{282F6C27-85BE-49FB-AB3A-DD5E932B6F80}.AppStore|iPhone.Build.0 = Debug|Any CPU
		{282F6C27-85BE-49FB-AB3A-DD5E932B6F80}.AppStore|iPhone.Deploy.0 = Debug|Any CPU
		{282F6C27-85BE-49FB-AB3A-DD5E932B6F80}.AppStore|iPhoneSimulator.ActiveCfg = Debug|Any CPU
		{282F6C27-85BE-49FB-AB3A-DD5E932B6F80}.AppStore|iPhoneSimulator.Build.0 = Debug|Any CPU
		{282F6C27-85BE-49FB-AB3A-DD5E932B6F80}.AppStore|iPhoneSimulator.Deploy.0 = Debug|Any CPU
		{282F6C27-85BE-49FB-AB3A-DD5E932B6F80}.Debug|Any CPU.ActiveCfg = Debug|Any CPU
		{282F6C27-85BE-49FB-AB3A-DD5E932B6F80}.Debug|Any CPU.Build.0 = Debug|Any CPU
		{282F6C27-85BE-49FB-AB3A-DD5E932B6F80}.Debug|Any CPU.Deploy.0 = Debug|Any CPU
		{282F6C27-85BE-49FB-AB3A-DD5E932B6F80}.Debug|iPhone.ActiveCfg = Debug|Any CPU
		{282F6C27-85BE-49FB-AB3A-DD5E932B6F80}.Debug|iPhone.Build.0 = Debug|Any CPU
		{282F6C27-85BE-49FB-AB3A-DD5E932B6F80}.Debug|iPhone.Deploy.0 = Debug|Any CPU
		{282F6C27-85BE-49FB-AB3A-DD5E932B6F80}.Debug|iPhoneSimulator.ActiveCfg = Debug|Any CPU
		{282F6C27-85BE-49FB-AB3A-DD5E932B6F80}.Debug|iPhoneSimulator.Build.0 = Debug|Any CPU
		{282F6C27-85BE-49FB-AB3A-DD5E932B6F80}.Debug|iPhoneSimulator.Deploy.0 = Debug|Any CPU
		{282F6C27-85BE-49FB-AB3A-DD5E932B6F80}.Release|Any CPU.ActiveCfg = Release|Any CPU
		{282F6C27-85BE-49FB-AB3A-DD5E932B6F80}.Release|Any CPU.Build.0 = Release|Any CPU
		{282F6C27-85BE-49FB-AB3A-DD5E932B6F80}.Release|Any CPU.Deploy.0 = Release|Any CPU
		{282F6C27-85BE-49FB-AB3A-DD5E932B6F80}.Release|iPhone.ActiveCfg = Release|Any CPU
		{282F6C27-85BE-49FB-AB3A-DD5E932B6F80}.Release|iPhone.Build.0 = Release|Any CPU
		{282F6C27-85BE-49FB-AB3A-DD5E932B6F80}.Release|iPhone.Deploy.0 = Release|Any CPU
		{282F6C27-85BE-49FB-AB3A-DD5E932B6F80}.Release|iPhoneSimulator.ActiveCfg = Release|Any CPU
		{282F6C27-85BE-49FB-AB3A-DD5E932B6F80}.Release|iPhoneSimulator.Build.0 = Release|Any CPU
		{282F6C27-85BE-49FB-AB3A-DD5E932B6F80}.Release|iPhoneSimulator.Deploy.0 = Release|Any CPU
		{0A0C430B-0174-4A1D-9FB4-1A6FF1A8483C}.Ad-Hoc|Any CPU.ActiveCfg = Release|Any CPU
		{0A0C430B-0174-4A1D-9FB4-1A6FF1A8483C}.Ad-Hoc|Any CPU.Build.0 = Release|Any CPU
		{0A0C430B-0174-4A1D-9FB4-1A6FF1A8483C}.Ad-Hoc|iPhone.ActiveCfg = Release|Any CPU
		{0A0C430B-0174-4A1D-9FB4-1A6FF1A8483C}.Ad-Hoc|iPhone.Build.0 = Release|Any CPU
		{0A0C430B-0174-4A1D-9FB4-1A6FF1A8483C}.Ad-Hoc|iPhoneSimulator.ActiveCfg = Release|Any CPU
		{0A0C430B-0174-4A1D-9FB4-1A6FF1A8483C}.Ad-Hoc|iPhoneSimulator.Build.0 = Release|Any CPU
		{0A0C430B-0174-4A1D-9FB4-1A6FF1A8483C}.AppStore|Any CPU.ActiveCfg = Release|Any CPU
		{0A0C430B-0174-4A1D-9FB4-1A6FF1A8483C}.AppStore|Any CPU.Build.0 = Release|Any CPU
		{0A0C430B-0174-4A1D-9FB4-1A6FF1A8483C}.AppStore|iPhone.ActiveCfg = Release|Any CPU
		{0A0C430B-0174-4A1D-9FB4-1A6FF1A8483C}.AppStore|iPhone.Build.0 = Release|Any CPU
		{0A0C430B-0174-4A1D-9FB4-1A6FF1A8483C}.AppStore|iPhoneSimulator.ActiveCfg = Release|Any CPU
		{0A0C430B-0174-4A1D-9FB4-1A6FF1A8483C}.AppStore|iPhoneSimulator.Build.0 = Release|Any CPU
		{0A0C430B-0174-4A1D-9FB4-1A6FF1A8483C}.Debug|Any CPU.ActiveCfg = Debug|Any CPU
		{0A0C430B-0174-4A1D-9FB4-1A6FF1A8483C}.Debug|Any CPU.Build.0 = Debug|Any CPU
		{0A0C430B-0174-4A1D-9FB4-1A6FF1A8483C}.Debug|iPhone.ActiveCfg = Debug|Any CPU
		{0A0C430B-0174-4A1D-9FB4-1A6FF1A8483C}.Debug|iPhone.Build.0 = Debug|Any CPU
		{0A0C430B-0174-4A1D-9FB4-1A6FF1A8483C}.Debug|iPhoneSimulator.ActiveCfg = Debug|Any CPU
		{0A0C430B-0174-4A1D-9FB4-1A6FF1A8483C}.Debug|iPhoneSimulator.Build.0 = Debug|Any CPU
		{0A0C430B-0174-4A1D-9FB4-1A6FF1A8483C}.Release|Any CPU.ActiveCfg = Release|Any CPU
		{0A0C430B-0174-4A1D-9FB4-1A6FF1A8483C}.Release|Any CPU.Build.0 = Release|Any CPU
		{0A0C430B-0174-4A1D-9FB4-1A6FF1A8483C}.Release|iPhone.ActiveCfg = Release|Any CPU
		{0A0C430B-0174-4A1D-9FB4-1A6FF1A8483C}.Release|iPhone.Build.0 = Release|Any CPU
		{0A0C430B-0174-4A1D-9FB4-1A6FF1A8483C}.Release|iPhoneSimulator.ActiveCfg = Release|Any CPU
		{0A0C430B-0174-4A1D-9FB4-1A6FF1A8483C}.Release|iPhoneSimulator.Build.0 = Release|Any CPU
		{592DFE41-F2F6-487C-B21A-4F9F4282EEFF}.Ad-Hoc|Any CPU.ActiveCfg = Release|Any CPU
		{592DFE41-F2F6-487C-B21A-4F9F4282EEFF}.Ad-Hoc|Any CPU.Build.0 = Release|Any CPU
		{592DFE41-F2F6-487C-B21A-4F9F4282EEFF}.Ad-Hoc|iPhone.ActiveCfg = Release|Any CPU
		{592DFE41-F2F6-487C-B21A-4F9F4282EEFF}.Ad-Hoc|iPhone.Build.0 = Release|Any CPU
		{592DFE41-F2F6-487C-B21A-4F9F4282EEFF}.Ad-Hoc|iPhoneSimulator.ActiveCfg = Release|Any CPU
		{592DFE41-F2F6-487C-B21A-4F9F4282EEFF}.Ad-Hoc|iPhoneSimulator.Build.0 = Release|Any CPU
		{592DFE41-F2F6-487C-B21A-4F9F4282EEFF}.AppStore|Any CPU.ActiveCfg = Release|Any CPU
		{592DFE41-F2F6-487C-B21A-4F9F4282EEFF}.AppStore|Any CPU.Build.0 = Release|Any CPU
		{592DFE41-F2F6-487C-B21A-4F9F4282EEFF}.AppStore|iPhone.ActiveCfg = Release|Any CPU
		{592DFE41-F2F6-487C-B21A-4F9F4282EEFF}.AppStore|iPhone.Build.0 = Release|Any CPU
		{592DFE41-F2F6-487C-B21A-4F9F4282EEFF}.AppStore|iPhoneSimulator.ActiveCfg = Release|Any CPU
		{592DFE41-F2F6-487C-B21A-4F9F4282EEFF}.AppStore|iPhoneSimulator.Build.0 = Release|Any CPU
		{592DFE41-F2F6-487C-B21A-4F9F4282EEFF}.Debug|Any CPU.ActiveCfg = Debug|Any CPU
		{592DFE41-F2F6-487C-B21A-4F9F4282EEFF}.Debug|Any CPU.Build.0 = Debug|Any CPU
		{592DFE41-F2F6-487C-B21A-4F9F4282EEFF}.Debug|iPhone.ActiveCfg = Debug|Any CPU
		{592DFE41-F2F6-487C-B21A-4F9F4282EEFF}.Debug|iPhone.Build.0 = Debug|Any CPU
		{592DFE41-F2F6-487C-B21A-4F9F4282EEFF}.Debug|iPhoneSimulator.ActiveCfg = Debug|Any CPU
		{592DFE41-F2F6-487C-B21A-4F9F4282EEFF}.Debug|iPhoneSimulator.Build.0 = Debug|Any CPU
		{592DFE41-F2F6-487C-B21A-4F9F4282EEFF}.Release|Any CPU.ActiveCfg = Release|Any CPU
		{592DFE41-F2F6-487C-B21A-4F9F4282EEFF}.Release|Any CPU.Build.0 = Release|Any CPU
		{592DFE41-F2F6-487C-B21A-4F9F4282EEFF}.Release|iPhone.ActiveCfg = Release|Any CPU
		{592DFE41-F2F6-487C-B21A-4F9F4282EEFF}.Release|iPhone.Build.0 = Release|Any CPU
		{592DFE41-F2F6-487C-B21A-4F9F4282EEFF}.Release|iPhoneSimulator.ActiveCfg = Release|Any CPU
		{592DFE41-F2F6-487C-B21A-4F9F4282EEFF}.Release|iPhoneSimulator.Build.0 = Release|Any CPU
		{52BC409F-CF91-4D20-9A23-9FFE62F65146}.Ad-Hoc|Any CPU.ActiveCfg = Release|Any CPU
		{52BC409F-CF91-4D20-9A23-9FFE62F65146}.Ad-Hoc|Any CPU.Build.0 = Release|Any CPU
		{52BC409F-CF91-4D20-9A23-9FFE62F65146}.Ad-Hoc|iPhone.ActiveCfg = Release|Any CPU
		{52BC409F-CF91-4D20-9A23-9FFE62F65146}.Ad-Hoc|iPhone.Build.0 = Release|Any CPU
		{52BC409F-CF91-4D20-9A23-9FFE62F65146}.Ad-Hoc|iPhoneSimulator.ActiveCfg = Release|Any CPU
		{52BC409F-CF91-4D20-9A23-9FFE62F65146}.Ad-Hoc|iPhoneSimulator.Build.0 = Release|Any CPU
		{52BC409F-CF91-4D20-9A23-9FFE62F65146}.AppStore|Any CPU.ActiveCfg = Release|Any CPU
		{52BC409F-CF91-4D20-9A23-9FFE62F65146}.AppStore|Any CPU.Build.0 = Release|Any CPU
		{52BC409F-CF91-4D20-9A23-9FFE62F65146}.AppStore|iPhone.ActiveCfg = Release|Any CPU
		{52BC409F-CF91-4D20-9A23-9FFE62F65146}.AppStore|iPhone.Build.0 = Release|Any CPU
		{52BC409F-CF91-4D20-9A23-9FFE62F65146}.AppStore|iPhoneSimulator.ActiveCfg = Release|Any CPU
		{52BC409F-CF91-4D20-9A23-9FFE62F65146}.AppStore|iPhoneSimulator.Build.0 = Release|Any CPU
		{52BC409F-CF91-4D20-9A23-9FFE62F65146}.Debug|Any CPU.ActiveCfg = Debug|Any CPU
		{52BC409F-CF91-4D20-9A23-9FFE62F65146}.Debug|Any CPU.Build.0 = Debug|Any CPU
		{52BC409F-CF91-4D20-9A23-9FFE62F65146}.Debug|iPhone.ActiveCfg = Debug|Any CPU
		{52BC409F-CF91-4D20-9A23-9FFE62F65146}.Debug|iPhone.Build.0 = Debug|Any CPU
		{52BC409F-CF91-4D20-9A23-9FFE62F65146}.Debug|iPhoneSimulator.ActiveCfg = Debug|Any CPU
		{52BC409F-CF91-4D20-9A23-9FFE62F65146}.Debug|iPhoneSimulator.Build.0 = Debug|Any CPU
		{52BC409F-CF91-4D20-9A23-9FFE62F65146}.Release|Any CPU.ActiveCfg = Release|Any CPU
		{52BC409F-CF91-4D20-9A23-9FFE62F65146}.Release|Any CPU.Build.0 = Release|Any CPU
		{52BC409F-CF91-4D20-9A23-9FFE62F65146}.Release|iPhone.ActiveCfg = Release|Any CPU
		{52BC409F-CF91-4D20-9A23-9FFE62F65146}.Release|iPhone.Build.0 = Release|Any CPU
		{52BC409F-CF91-4D20-9A23-9FFE62F65146}.Release|iPhoneSimulator.ActiveCfg = Release|Any CPU
		{52BC409F-CF91-4D20-9A23-9FFE62F65146}.Release|iPhoneSimulator.Build.0 = Release|Any CPU
	EndGlobalSection
	GlobalSection(SolutionProperties) = preSolution
		HideSolutionNode = FALSE
	EndGlobalSection
	GlobalSection(ExtensibilityGlobals) = postSolution
		SolutionGuid = {7940F395-DAA1-4FBF-A140-5F192B5CC0A4}
	EndGlobalSection
EndGlobal
